// !$*UTF8*$!
{
	archiveVersion = 1;
	classes = {
	};
	objectVersion = 46;
	objects = {

/* Begin PBXBuildFile section */
		02320F2D8F22423DAA3FE726 /* AudioToolbox.framework in Frameworks */ = {isa = PBXBuildFile; fileRef = D7ADA823E8174E2DAD889C1B /* AudioToolbox.framework */; settings = {ATTRIBUTES = (Weak, ); }; };
		0263E5B5BDD540F887D6C522 /* wizSpinner.plist in Sources */ = {isa = PBXBuildFile; fileRef = 8B9B225BE3824FB1A8418412 /* wizSpinner.plist */; };
		1D3623260D0F684500981E51 /* AppDelegate.m in Sources */ = {isa = PBXBuildFile; fileRef = 1D3623250D0F684500981E51 /* AppDelegate.m */; };
		1D60589B0D05DD56006BFB54 /* main.m in Sources */ = {isa = PBXBuildFile; fileRef = 29B97316FDCFA39411CA2CEA /* main.m */; };
		1EBE10E9867746A69439C2F0 /* UIWebViewExtension.m in Sources */ = {isa = PBXBuildFile; fileRef = 7ED6699840C6453AAD30A485 /* UIWebViewExtension.m */; };
		1F766FE113BBADB100FB74C0 /* Localizable.strings in Resources */ = {isa = PBXBuildFile; fileRef = 1F766FDC13BBADB100FB74C0 /* Localizable.strings */; };
		211733C386874247BFAE0E39 /* IonicKeyboard.m in Sources */ = {isa = PBXBuildFile; fileRef = B738313F0D814A25939B11E1 /* IonicKeyboard.m */; };
		288765FD0DF74451002DB57D /* CoreGraphics.framework in Frameworks */ = {isa = PBXBuildFile; fileRef = 288765FC0DF74451002DB57D /* CoreGraphics.framework */; };
		2D1E9655D32140958EB08264 /* CDVLocalFilesystem.m in Sources */ = {isa = PBXBuildFile; fileRef = 9D6B54ED64C44DF5B816AF74 /* CDVLocalFilesystem.m */; };
		301BF552109A68D80062928A /* libCordova.a in Frameworks */ = {isa = PBXBuildFile; fileRef = 301BF535109A57CC0062928A /* libCordova.a */; };
		302D95F114D2391D003F00A1 /* MainViewController.m in Sources */ = {isa = PBXBuildFile; fileRef = 302D95EF14D2391D003F00A1 /* MainViewController.m */; };
		302D95F214D2391D003F00A1 /* MainViewController.xib in Resources */ = {isa = PBXBuildFile; fileRef = 302D95F014D2391D003F00A1 /* MainViewController.xib */; };
		305D5FD1115AB8F900A74A75 /* MobileCoreServices.framework in Frameworks */ = {isa = PBXBuildFile; fileRef = 305D5FD0115AB8F900A74A75 /* MobileCoreServices.framework */; };
		3088BBBD154F3926009F9C59 /* Default-Landscape@2x~ipad.png in Resources */ = {isa = PBXBuildFile; fileRef = 3088BBB7154F3926009F9C59 /* Default-Landscape@2x~ipad.png */; };
		3088BBBE154F3926009F9C59 /* Default-Landscape~ipad.png in Resources */ = {isa = PBXBuildFile; fileRef = 3088BBB8154F3926009F9C59 /* Default-Landscape~ipad.png */; };
		3088BBBF154F3926009F9C59 /* Default-Portrait@2x~ipad.png in Resources */ = {isa = PBXBuildFile; fileRef = 3088BBB9154F3926009F9C59 /* Default-Portrait@2x~ipad.png */; };
		3088BBC0154F3926009F9C59 /* Default-Portrait~ipad.png in Resources */ = {isa = PBXBuildFile; fileRef = 3088BBBA154F3926009F9C59 /* Default-Portrait~ipad.png */; };
		3088BBC1154F3926009F9C59 /* Default@2x~iphone.png in Resources */ = {isa = PBXBuildFile; fileRef = 3088BBBB154F3926009F9C59 /* Default@2x~iphone.png */; };
		3088BBC2154F3926009F9C59 /* Default~iphone.png in Resources */ = {isa = PBXBuildFile; fileRef = 3088BBBC154F3926009F9C59 /* Default~iphone.png */; };
		308D05371370CCF300D202BF /* icon-72.png in Resources */ = {isa = PBXBuildFile; fileRef = 308D052E1370CCF300D202BF /* icon-72.png */; };
		308D05381370CCF300D202BF /* icon.png in Resources */ = {isa = PBXBuildFile; fileRef = 308D052F1370CCF300D202BF /* icon.png */; };
		308D05391370CCF300D202BF /* icon@2x.png in Resources */ = {isa = PBXBuildFile; fileRef = 308D05301370CCF300D202BF /* icon@2x.png */; };
		30A0434814DC770100060A13 /* Localizable.strings in Resources */ = {isa = PBXBuildFile; fileRef = 30A0434314DC770100060A13 /* Localizable.strings */; };
		30FC414916E50CA1004E6F35 /* icon-72@2x.png in Resources */ = {isa = PBXBuildFile; fileRef = 30FC414816E50CA1004E6F35 /* icon-72@2x.png */; };
		329C4814BD064F22B28EA325 /* Canvas2ImagePlugin.m in Sources */ = {isa = PBXBuildFile; fileRef = 136C62EF3D8C48CB862499E5 /* Canvas2ImagePlugin.m */; settings = {COMPILER_FLAGS = "-fno-objc-arc"; }; };
		380610CE1963883A00306AD4 /* FacebookConnectPlugin.m in Sources */ = {isa = PBXBuildFile; fileRef = 380610CD1963883A00306AD4 /* FacebookConnectPlugin.m */; };
		387A0F1D198C3FFC00AADF00 /* whistle.wav in Resources */ = {isa = PBXBuildFile; fileRef = 387A0F1C198C3FFC00AADF00 /* whistle.wav */; };
		3888CD89C246411DB55046A1 /* WizActivitySpinnerView.m in Sources */ = {isa = PBXBuildFile; fileRef = CC9D53F17A5B4A6BB7C1BC3A /* WizActivitySpinnerView.m */; settings = {COMPILER_FLAGS = "-fno-objc-arc"; }; };
		38AE533919E51EED00807E22 /* CDVLogger.m in Sources */ = {isa = PBXBuildFile; fileRef = 999A5C6ECAD34A6F8DC7FA88 /* CDVLogger.m */; };
		38AE533A19E51EF400807E22 /* CDVStatusBar.m in Sources */ = {isa = PBXBuildFile; fileRef = C2F1500488D54E18B56D6943 /* CDVStatusBar.m */; };
		38AE534019E520CF00807E22 /* CDVLocation.m in Sources */ = {isa = PBXBuildFile; fileRef = 8B1D09DCFD3B48EE8CF6261A /* CDVLocation.m */; };
		38AE534119E520D700807E22 /* CDVCamera.m in Sources */ = {isa = PBXBuildFile; fileRef = 82B2AFE88CEF4CC78E999FC5 /* CDVCamera.m */; };
		38AE534D19E538B700807E22 /* PushPlugin.m in Sources */ = {isa = PBXBuildFile; fileRef = E03DA2A6A65841C7B55E9B0C /* PushPlugin.m */; };
		3C95294D19F7594000508E57 /* FacebookSDK.framework in Frameworks */ = {isa = PBXBuildFile; fileRef = 3C95294C19F7594000508E57 /* FacebookSDK.framework */; };
		3EB3C81FC70E44BCA4C6F991 /* CDVFile.m in Sources */ = {isa = PBXBuildFile; fileRef = BBC8CE2E0E844C47BD40744A /* CDVFile.m */; };
		54657CCEBE9E4642B2CFD4FF /* WizAssetsPluginExtendCDVViewControllerPrivate.h in Sources */ = {isa = PBXBuildFile; fileRef = B0B8435846F5413AAC559AB7 /* WizAssetsPluginExtendCDVViewControllerPrivate.h */; };
		5AEE5B35173C68D80009041E /* CoreLocation.framework in Frameworks */ = {isa = PBXBuildFile; fileRef = 5AEE5B34173C68D80009041E /* CoreLocation.framework */; };
		5B1594DD16A7569C00FEF299 /* AssetsLibrary.framework in Frameworks */ = {isa = PBXBuildFile; fileRef = 5B1594DC16A7569C00FEF299 /* AssetsLibrary.framework */; };
		5C6DE39BD4AF412D8F8AEDDA /* WizSpinnerPlugin.m in Sources */ = {isa = PBXBuildFile; fileRef = C02A3CB0F2754741B7A42266 /* WizSpinnerPlugin.m */; settings = {COMPILER_FLAGS = "-fno-objc-arc"; }; };
		7E7966DE1810823500FA85AD /* icon-40.png in Resources */ = {isa = PBXBuildFile; fileRef = 7E7966D41810823500FA85AD /* icon-40.png */; };
		7E7966DF1810823500FA85AD /* icon-40@2x.png in Resources */ = {isa = PBXBuildFile; fileRef = 7E7966D51810823500FA85AD /* icon-40@2x.png */; };
		7E7966E01810823500FA85AD /* icon-50.png in Resources */ = {isa = PBXBuildFile; fileRef = 7E7966D61810823500FA85AD /* icon-50.png */; };
		7E7966E11810823500FA85AD /* icon-50@2x.png in Resources */ = {isa = PBXBuildFile; fileRef = 7E7966D71810823500FA85AD /* icon-50@2x.png */; };
		7E7966E21810823500FA85AD /* icon-60.png in Resources */ = {isa = PBXBuildFile; fileRef = 7E7966D81810823500FA85AD /* icon-60.png */; };
		7E7966E31810823500FA85AD /* icon-60@2x.png in Resources */ = {isa = PBXBuildFile; fileRef = 7E7966D91810823500FA85AD /* icon-60@2x.png */; };
		7E7966E41810823500FA85AD /* icon-76.png in Resources */ = {isa = PBXBuildFile; fileRef = 7E7966DA1810823500FA85AD /* icon-76.png */; };
		7E7966E51810823500FA85AD /* icon-76@2x.png in Resources */ = {isa = PBXBuildFile; fileRef = 7E7966DB1810823500FA85AD /* icon-76@2x.png */; };
		7E7966E61810823500FA85AD /* icon-small.png in Resources */ = {isa = PBXBuildFile; fileRef = 7E7966DC1810823500FA85AD /* icon-small.png */; };
		7E7966E71810823500FA85AD /* icon-small@2x.png in Resources */ = {isa = PBXBuildFile; fileRef = 7E7966DD1810823500FA85AD /* icon-small@2x.png */; };
		7E83ABCFE5D1442F80D574B8 /* CDVNotification.m in Sources */ = {isa = PBXBuildFile; fileRef = AF1EE1A79D3D4F8FBF97FAA0 /* CDVNotification.m */; };
		9167E892348E48898D981723 /* ImageIO.framework in Frameworks */ = {isa = PBXBuildFile; fileRef = B624A86D06754603A7EA5FA0 /* ImageIO.framework */; };
		BB72CECA22FD43ED837D3AD1 /* AppDelegate+notification.m in Sources */ = {isa = PBXBuildFile; fileRef = 9FAA10CBF7704361A23E3BC3 /* AppDelegate+notification.m */; };
		BC4130D23DAB4A84B7CAA835 /* CDVSound.m in Sources */ = {isa = PBXBuildFile; fileRef = EF3CC338CBD74530B81DB48E /* CDVSound.m */; };
		BD5D50FBE46F4CB6A68ADDD3 /* WizAssetsPluginExtendCDVViewController.m in Sources */ = {isa = PBXBuildFile; fileRef = E2CDC36D1C3D4E9295101499 /* WizAssetsPluginExtendCDVViewController.m */; settings = {COMPILER_FLAGS = "-fno-objc-arc"; }; };
		C3D320F7AE1546F2A68F2109 /* CDVInAppBrowser.m in Sources */ = {isa = PBXBuildFile; fileRef = 099F2EDAD98340359CEA5210 /* CDVInAppBrowser.m */; };
		C91BC4D6477249BE8F3B5882 /* CDVAssetLibraryFilesystem.m in Sources */ = {isa = PBXBuildFile; fileRef = 93D32A8766364C5190BC9012 /* CDVAssetLibraryFilesystem.m */; };
		D4A0D8761607E02300AEF8BB /* Default-568h@2x~iphone.png in Resources */ = {isa = PBXBuildFile; fileRef = D4A0D8751607E02300AEF8BB /* Default-568h@2x~iphone.png */; };
		E15175ADD58D41B586F7458A /* CDVVibration.m in Sources */ = {isa = PBXBuildFile; fileRef = E66AEF938B2A4AE5BB4F5907 /* CDVVibration.m */; };
		F4457959C5FF49728C50E8F3 /* CDVNotification.bundle in Resources */ = {isa = PBXBuildFile; fileRef = 9F58E069100B4D3BB1A17B06 /* CDVNotification.bundle */; };
		F66AEB454F8B4006AD8601F0 /* CDVFileTransfer.m in Sources */ = {isa = PBXBuildFile; fileRef = AF26810C8EA9408FA73A2057 /* CDVFileTransfer.m */; };
		F840E1F1165FE0F500CFE078 /* config.xml in Resources */ = {isa = PBXBuildFile; fileRef = F840E1F0165FE0F500CFE078 /* config.xml */; };
/* End PBXBuildFile section */

/* Begin PBXContainerItemProxy section */
		301BF534109A57CC0062928A /* PBXContainerItemProxy */ = {
			isa = PBXContainerItemProxy;
			containerPortal = 301BF52D109A57CC0062928A /* CordovaLib.xcodeproj */;
			proxyType = 2;
			remoteGlobalIDString = D2AAC07E0554694100DB518D;
			remoteInfo = CordovaLib;
		};
		301BF550109A68C00062928A /* PBXContainerItemProxy */ = {
			isa = PBXContainerItemProxy;
			containerPortal = 301BF52D109A57CC0062928A /* CordovaLib.xcodeproj */;
			proxyType = 1;
			remoteGlobalIDString = D2AAC07D0554694100DB518D;
			remoteInfo = CordovaLib;
		};
/* End PBXContainerItemProxy section */

/* Begin PBXFileReference section */
		02222FCAC06045969B31CCC2 /* CDVSound.h */ = {isa = PBXFileReference; fileEncoding = 4; lastKnownFileType = sourcecode.c.h; name = CDVSound.h; path = org.apache.cordova.media/CDVSound.h; sourceTree = "<group>"; };
		0393EF628659437983BA8617 /* CDVFileTransfer.h */ = {isa = PBXFileReference; fileEncoding = 4; lastKnownFileType = sourcecode.c.h; name = CDVFileTransfer.h; path = "org.apache.cordova.file-transfer/CDVFileTransfer.h"; sourceTree = "<group>"; };
		099F2EDAD98340359CEA5210 /* CDVInAppBrowser.m */ = {isa = PBXFileReference; fileEncoding = 4; lastKnownFileType = sourcecode.c.objc; name = CDVInAppBrowser.m; path = org.apache.cordova.inappbrowser/CDVInAppBrowser.m; sourceTree = "<group>"; };
		0FBEFA91DB8E4965B0704054 /* CDVVibration.h */ = {isa = PBXFileReference; fileEncoding = 4; lastKnownFileType = sourcecode.c.h; name = CDVVibration.h; path = org.apache.cordova.vibration/CDVVibration.h; sourceTree = "<group>"; };
		136C62EF3D8C48CB862499E5 /* Canvas2ImagePlugin.m */ = {isa = PBXFileReference; fileEncoding = 4; lastKnownFileType = sourcecode.c.objc; name = Canvas2ImagePlugin.m; path = org.devgeeks.Canvas2ImagePlugin/Canvas2ImagePlugin.m; sourceTree = "<group>"; };
		1D3623240D0F684500981E51 /* AppDelegate.h */ = {isa = PBXFileReference; fileEncoding = 4; lastKnownFileType = sourcecode.c.h; path = AppDelegate.h; sourceTree = "<group>"; };
		1D3623250D0F684500981E51 /* AppDelegate.m */ = {isa = PBXFileReference; fileEncoding = 4; lastKnownFileType = sourcecode.c.objc; path = AppDelegate.m; sourceTree = "<group>"; };
		1D6058910D05DD3D006BFB54 /* Intro.app */ = {isa = PBXFileReference; explicitFileType = wrapper.application; includeInIndex = 0; path = Intro.app; sourceTree = BUILT_PRODUCTS_DIR; };
		1F766FDD13BBADB100FB74C0 /* en */ = {isa = PBXFileReference; lastKnownFileType = text.plist.strings; name = en; path = Localizable.strings; sourceTree = "<group>"; };
		1F766FE013BBADB100FB74C0 /* es */ = {isa = PBXFileReference; lastKnownFileType = text.plist.strings; name = es; path = Localizable.strings; sourceTree = "<group>"; };
		22A98A5FBB8C4255ACE64C48 /* CDVJpegHeaderWriter.h */ = {isa = PBXFileReference; fileEncoding = 4; lastKnownFileType = sourcecode.c.h; name = CDVJpegHeaderWriter.h; path = org.apache.cordova.camera/CDVJpegHeaderWriter.h; sourceTree = "<group>"; };
		288765FC0DF74451002DB57D /* CoreGraphics.framework */ = {isa = PBXFileReference; lastKnownFileType = wrapper.framework; name = CoreGraphics.framework; path = System/Library/Frameworks/CoreGraphics.framework; sourceTree = SDKROOT; };
		29B97316FDCFA39411CA2CEA /* main.m */ = {isa = PBXFileReference; fileEncoding = 4; lastKnownFileType = sourcecode.c.objc; path = main.m; sourceTree = "<group>"; };
		301BF52D109A57CC0062928A /* CordovaLib.xcodeproj */ = {isa = PBXFileReference; lastKnownFileType = "wrapper.pb-project"; name = CordovaLib.xcodeproj; path = CordovaLib/CordovaLib.xcodeproj; sourceTree = "<group>"; };
		301BF56E109A69640062928A /* www */ = {isa = PBXFileReference; lastKnownFileType = folder; path = www; sourceTree = SOURCE_ROOT; };
		302D95EE14D2391D003F00A1 /* MainViewController.h */ = {isa = PBXFileReference; fileEncoding = 4; lastKnownFileType = sourcecode.c.h; path = MainViewController.h; sourceTree = "<group>"; };
		302D95EF14D2391D003F00A1 /* MainViewController.m */ = {isa = PBXFileReference; fileEncoding = 4; lastKnownFileType = sourcecode.c.objc; path = MainViewController.m; sourceTree = "<group>"; };
		302D95F014D2391D003F00A1 /* MainViewController.xib */ = {isa = PBXFileReference; fileEncoding = 4; lastKnownFileType = file.xib; path = MainViewController.xib; sourceTree = "<group>"; };
		305D5FD0115AB8F900A74A75 /* MobileCoreServices.framework */ = {isa = PBXFileReference; lastKnownFileType = wrapper.framework; name = MobileCoreServices.framework; path = System/Library/Frameworks/MobileCoreServices.framework; sourceTree = SDKROOT; };
		3088BBB7154F3926009F9C59 /* Default-Landscape@2x~ipad.png */ = {isa = PBXFileReference; lastKnownFileType = image.png; path = "Default-Landscape@2x~ipad.png"; sourceTree = "<group>"; };
		3088BBB8154F3926009F9C59 /* Default-Landscape~ipad.png */ = {isa = PBXFileReference; lastKnownFileType = image.png; path = "Default-Landscape~ipad.png"; sourceTree = "<group>"; };
		3088BBB9154F3926009F9C59 /* Default-Portrait@2x~ipad.png */ = {isa = PBXFileReference; lastKnownFileType = image.png; path = "Default-Portrait@2x~ipad.png"; sourceTree = "<group>"; };
		3088BBBA154F3926009F9C59 /* Default-Portrait~ipad.png */ = {isa = PBXFileReference; lastKnownFileType = image.png; path = "Default-Portrait~ipad.png"; sourceTree = "<group>"; };
		3088BBBB154F3926009F9C59 /* Default@2x~iphone.png */ = {isa = PBXFileReference; lastKnownFileType = image.png; path = "Default@2x~iphone.png"; sourceTree = "<group>"; };
		3088BBBC154F3926009F9C59 /* Default~iphone.png */ = {isa = PBXFileReference; lastKnownFileType = image.png; path = "Default~iphone.png"; sourceTree = "<group>"; };
		308D052E1370CCF300D202BF /* icon-72.png */ = {isa = PBXFileReference; lastKnownFileType = image.png; path = "icon-72.png"; sourceTree = "<group>"; };
		308D052F1370CCF300D202BF /* icon.png */ = {isa = PBXFileReference; lastKnownFileType = image.png; path = icon.png; sourceTree = "<group>"; };
		308D05301370CCF300D202BF /* icon@2x.png */ = {isa = PBXFileReference; lastKnownFileType = image.png; path = "icon@2x.png"; sourceTree = "<group>"; };
		30A0434414DC770100060A13 /* de */ = {isa = PBXFileReference; lastKnownFileType = text.plist.strings; name = de; path = Localizable.strings; sourceTree = "<group>"; };
		30A0434714DC770100060A13 /* se */ = {isa = PBXFileReference; lastKnownFileType = text.plist.strings; name = se; path = Localizable.strings; sourceTree = "<group>"; };
		30FC414816E50CA1004E6F35 /* icon-72@2x.png */ = {isa = PBXFileReference; lastKnownFileType = image.png; path = "icon-72@2x.png"; sourceTree = "<group>"; };
		32CA4F630368D1EE00C91783 /* Intro-Prefix.pch */ = {isa = PBXFileReference; fileEncoding = 4; lastKnownFileType = sourcecode.c.h; path = "Intro-Prefix.pch"; sourceTree = "<group>"; };
		371694FD24D144B6A4056669 /* PushPlugin.h */ = {isa = PBXFileReference; fileEncoding = 4; lastKnownFileType = sourcecode.c.h; name = PushPlugin.h; path = com.phonegap.plugins.PushPlugin/PushPlugin.h; sourceTree = "<group>"; };
		380610CC1963883A00306AD4 /* FacebookConnectPlugin.h */ = {isa = PBXFileReference; fileEncoding = 4; lastKnownFileType = sourcecode.c.h; path = FacebookConnectPlugin.h; sourceTree = "<group>"; };
		380610CD1963883A00306AD4 /* FacebookConnectPlugin.m */ = {isa = PBXFileReference; fileEncoding = 4; lastKnownFileType = sourcecode.c.objc; path = FacebookConnectPlugin.m; sourceTree = "<group>"; };
		381787B1196FA0B100AEA3A2 /* AppDelegate+notification.h */ = {isa = PBXFileReference; fileEncoding = 4; lastKnownFileType = sourcecode.c.h; path = "AppDelegate+notification.h"; sourceTree = "<group>"; };
		381787B2196FA0B100AEA3A2 /* AppDelegate+notification.m */ = {isa = PBXFileReference; fileEncoding = 4; lastKnownFileType = sourcecode.c.objc; path = "AppDelegate+notification.m"; sourceTree = "<group>"; };
		387A0F1C198C3FFC00AADF00 /* whistle.wav */ = {isa = PBXFileReference; lastKnownFileType = audio.wav; path = whistle.wav; sourceTree = "<group>"; };
		3A77EA1BB7284120B1E33368 /* WizSpinnerPlugin.h */ = {isa = PBXFileReference; fileEncoding = 4; lastKnownFileType = sourcecode.c.h; name = WizSpinnerPlugin.h; path = jp.wizcorp.phonegap.plugin.wizSpinnerPlugin/wizSpinner/WizSpinnerPlugin.h; sourceTree = "<group>"; };
		3C95294C19F7594000508E57 /* FacebookSDK.framework */ = {isa = PBXFileReference; lastKnownFileType = wrapper.framework; name = FacebookSDK.framework; path = ../../../../../Users/king/Documents/FacebookSDK/FacebookSDK.framework; sourceTree = "<group>"; };
		3C95295019F7596A00508E57 /* Facebook.h */ = {isa = PBXFileReference; fileEncoding = 4; lastKnownFileType = sourcecode.c.h; path = Facebook.h; sourceTree = "<group>"; };
		3C95295119F7596A00508E57 /* FacebookSDK.h */ = {isa = PBXFileReference; fileEncoding = 4; lastKnownFileType = sourcecode.c.h; path = FacebookSDK.h; sourceTree = "<group>"; };
		3C95295219F7596A00508E57 /* FBAccessTokenData.h */ = {isa = PBXFileReference; fileEncoding = 4; lastKnownFileType = sourcecode.c.h; path = FBAccessTokenData.h; sourceTree = "<group>"; };
		3C95295319F7596A00508E57 /* FBAppCall.h */ = {isa = PBXFileReference; fileEncoding = 4; lastKnownFileType = sourcecode.c.h; path = FBAppCall.h; sourceTree = "<group>"; };
		3C95295419F7596A00508E57 /* FBAppEvents.h */ = {isa = PBXFileReference; fileEncoding = 4; lastKnownFileType = sourcecode.c.h; path = FBAppEvents.h; sourceTree = "<group>"; };
		3C95295519F7596A00508E57 /* FBAppLinkData.h */ = {isa = PBXFileReference; fileEncoding = 4; lastKnownFileType = sourcecode.c.h; path = FBAppLinkData.h; sourceTree = "<group>"; };
		3C95295619F7596A00508E57 /* FBCacheDescriptor.h */ = {isa = PBXFileReference; fileEncoding = 4; lastKnownFileType = sourcecode.c.h; path = FBCacheDescriptor.h; sourceTree = "<group>"; };
		3C95295719F7596A00508E57 /* FBConnect.h */ = {isa = PBXFileReference; fileEncoding = 4; lastKnownFileType = sourcecode.c.h; path = FBConnect.h; sourceTree = "<group>"; };
		3C95295819F7596A00508E57 /* FBDialog.h */ = {isa = PBXFileReference; fileEncoding = 4; lastKnownFileType = sourcecode.c.h; path = FBDialog.h; sourceTree = "<group>"; };
		3C95295919F7596A00508E57 /* FBDialogs.h */ = {isa = PBXFileReference; fileEncoding = 4; lastKnownFileType = sourcecode.c.h; path = FBDialogs.h; sourceTree = "<group>"; };
		3C95295A19F7596A00508E57 /* FBDialogsData.h */ = {isa = PBXFileReference; fileEncoding = 4; lastKnownFileType = sourcecode.c.h; path = FBDialogsData.h; sourceTree = "<group>"; };
		3C95295B19F7596A00508E57 /* FBDialogsParams.h */ = {isa = PBXFileReference; fileEncoding = 4; lastKnownFileType = sourcecode.c.h; path = FBDialogsParams.h; sourceTree = "<group>"; };
		3C95295C19F7596A00508E57 /* FBError.h */ = {isa = PBXFileReference; fileEncoding = 4; lastKnownFileType = sourcecode.c.h; path = FBError.h; sourceTree = "<group>"; };
		3C95295D19F7596A00508E57 /* FBErrorUtility.h */ = {isa = PBXFileReference; fileEncoding = 4; lastKnownFileType = sourcecode.c.h; path = FBErrorUtility.h; sourceTree = "<group>"; };
		3C95295E19F7596A00508E57 /* FBFrictionlessRecipientCache.h */ = {isa = PBXFileReference; fileEncoding = 4; lastKnownFileType = sourcecode.c.h; path = FBFrictionlessRecipientCache.h; sourceTree = "<group>"; };
		3C95295F19F7596A00508E57 /* FBFrictionlessRequestSettings.h */ = {isa = PBXFileReference; fileEncoding = 4; lastKnownFileType = sourcecode.c.h; path = FBFrictionlessRequestSettings.h; sourceTree = "<group>"; };
		3C95296019F7596A00508E57 /* FBFriendPickerViewController.h */ = {isa = PBXFileReference; fileEncoding = 4; lastKnownFileType = sourcecode.c.h; path = FBFriendPickerViewController.h; sourceTree = "<group>"; };
		3C95296119F7596A00508E57 /* FBGraphLocation.h */ = {isa = PBXFileReference; fileEncoding = 4; lastKnownFileType = sourcecode.c.h; path = FBGraphLocation.h; sourceTree = "<group>"; };
		3C95296219F7596A00508E57 /* FBGraphObject.h */ = {isa = PBXFileReference; fileEncoding = 4; lastKnownFileType = sourcecode.c.h; path = FBGraphObject.h; sourceTree = "<group>"; };
		3C95296319F7596A00508E57 /* FBGraphPlace.h */ = {isa = PBXFileReference; fileEncoding = 4; lastKnownFileType = sourcecode.c.h; path = FBGraphPlace.h; sourceTree = "<group>"; };
		3C95296419F7596A00508E57 /* FBGraphUser.h */ = {isa = PBXFileReference; fileEncoding = 4; lastKnownFileType = sourcecode.c.h; path = FBGraphUser.h; sourceTree = "<group>"; };
		3C95296519F7596A00508E57 /* FBInsights.h */ = {isa = PBXFileReference; fileEncoding = 4; lastKnownFileType = sourcecode.c.h; path = FBInsights.h; sourceTree = "<group>"; };
		3C95296619F7596A00508E57 /* FBLoginDialog.h */ = {isa = PBXFileReference; fileEncoding = 4; lastKnownFileType = sourcecode.c.h; path = FBLoginDialog.h; sourceTree = "<group>"; };
		3C95296719F7596A00508E57 /* FBLoginView.h */ = {isa = PBXFileReference; fileEncoding = 4; lastKnownFileType = sourcecode.c.h; path = FBLoginView.h; sourceTree = "<group>"; };
		3C95296819F7596A00508E57 /* FBNativeDialogs.h */ = {isa = PBXFileReference; fileEncoding = 4; lastKnownFileType = sourcecode.c.h; path = FBNativeDialogs.h; sourceTree = "<group>"; };
		3C95296919F7596A00508E57 /* FBOpenGraphAction.h */ = {isa = PBXFileReference; fileEncoding = 4; lastKnownFileType = sourcecode.c.h; path = FBOpenGraphAction.h; sourceTree = "<group>"; };
		3C95296A19F7596A00508E57 /* FBOpenGraphActionShareDialogParams.h */ = {isa = PBXFileReference; fileEncoding = 4; lastKnownFileType = sourcecode.c.h; path = FBOpenGraphActionShareDialogParams.h; sourceTree = "<group>"; };
		3C95296B19F7596A00508E57 /* FBOpenGraphObject.h */ = {isa = PBXFileReference; fileEncoding = 4; lastKnownFileType = sourcecode.c.h; path = FBOpenGraphObject.h; sourceTree = "<group>"; };
		3C95296C19F7596A00508E57 /* FBPlacePickerViewController.h */ = {isa = PBXFileReference; fileEncoding = 4; lastKnownFileType = sourcecode.c.h; path = FBPlacePickerViewController.h; sourceTree = "<group>"; };
		3C95296D19F7596A00508E57 /* FBProfilePictureView.h */ = {isa = PBXFileReference; fileEncoding = 4; lastKnownFileType = sourcecode.c.h; path = FBProfilePictureView.h; sourceTree = "<group>"; };
		3C95296E19F7596A00508E57 /* FBRequest.h */ = {isa = PBXFileReference; fileEncoding = 4; lastKnownFileType = sourcecode.c.h; path = FBRequest.h; sourceTree = "<group>"; };
		3C95296F19F7596A00508E57 /* FBRequestConnection.h */ = {isa = PBXFileReference; fileEncoding = 4; lastKnownFileType = sourcecode.c.h; path = FBRequestConnection.h; sourceTree = "<group>"; };
		3C95297019F7596A00508E57 /* FBSession.h */ = {isa = PBXFileReference; fileEncoding = 4; lastKnownFileType = sourcecode.c.h; path = FBSession.h; sourceTree = "<group>"; };
		3C95297119F7596A00508E57 /* FBSessionManualTokenCachingStrategy.h */ = {isa = PBXFileReference; fileEncoding = 4; lastKnownFileType = sourcecode.c.h; path = FBSessionManualTokenCachingStrategy.h; sourceTree = "<group>"; };
		3C95297219F7596A00508E57 /* FBSessionTokenCachingStrategy.h */ = {isa = PBXFileReference; fileEncoding = 4; lastKnownFileType = sourcecode.c.h; path = FBSessionTokenCachingStrategy.h; sourceTree = "<group>"; };
		3C95297319F7596A00508E57 /* FBSettings.h */ = {isa = PBXFileReference; fileEncoding = 4; lastKnownFileType = sourcecode.c.h; path = FBSettings.h; sourceTree = "<group>"; };
		3C95297419F7596A00508E57 /* FBShareDialogParams.h */ = {isa = PBXFileReference; fileEncoding = 4; lastKnownFileType = sourcecode.c.h; path = FBShareDialogParams.h; sourceTree = "<group>"; };
		3C95297519F7596A00508E57 /* FBShareDialogPhotoParams.h */ = {isa = PBXFileReference; fileEncoding = 4; lastKnownFileType = sourcecode.c.h; path = FBShareDialogPhotoParams.h; sourceTree = "<group>"; };
		3C95297619F7596A00508E57 /* FBTestSession.h */ = {isa = PBXFileReference; fileEncoding = 4; lastKnownFileType = sourcecode.c.h; path = FBTestSession.h; sourceTree = "<group>"; };
		3C95297719F7596A00508E57 /* FBUserSettingsViewController.h */ = {isa = PBXFileReference; fileEncoding = 4; lastKnownFileType = sourcecode.c.h; path = FBUserSettingsViewController.h; sourceTree = "<group>"; };
		3C95297819F7596A00508E57 /* FBViewController.h */ = {isa = PBXFileReference; fileEncoding = 4; lastKnownFileType = sourcecode.c.h; path = FBViewController.h; sourceTree = "<group>"; };
		3C95297919F7596A00508E57 /* FBWebDialogs.h */ = {isa = PBXFileReference; fileEncoding = 4; lastKnownFileType = sourcecode.c.h; path = FBWebDialogs.h; sourceTree = "<group>"; };
		3C95297A19F7596A00508E57 /* NSError+FBError.h */ = {isa = PBXFileReference; fileEncoding = 4; lastKnownFileType = sourcecode.c.h; path = "NSError+FBError.h"; sourceTree = "<group>"; };
		551B90F43B3348E2A189A986 /* CDVCamera.h */ = {isa = PBXFileReference; fileEncoding = 4; lastKnownFileType = sourcecode.c.h; name = CDVCamera.h; path = org.apache.cordova.camera/CDVCamera.h; sourceTree = "<group>"; };
		5AEE5B34173C68D80009041E /* CoreLocation.framework */ = {isa = PBXFileReference; lastKnownFileType = wrapper.framework; name = CoreLocation.framework; path = System/Library/Frameworks/CoreLocation.framework; sourceTree = SDKROOT; };
		5B1594DC16A7569C00FEF299 /* AssetsLibrary.framework */ = {isa = PBXFileReference; lastKnownFileType = wrapper.framework; name = AssetsLibrary.framework; path = System/Library/Frameworks/AssetsLibrary.framework; sourceTree = SDKROOT; };
		5FC10AC10EAC445482FFFB25 /* CDVFile.h */ = {isa = PBXFileReference; fileEncoding = 4; lastKnownFileType = sourcecode.c.h; name = CDVFile.h; path = org.apache.cordova.file/CDVFile.h; sourceTree = "<group>"; };
		6DAA787F7759457E894DFFB0 /* WizActivitySpinnerView.h */ = {isa = PBXFileReference; fileEncoding = 4; lastKnownFileType = sourcecode.c.h; name = WizActivitySpinnerView.h; path = jp.wizcorp.phonegap.plugin.wizSpinnerPlugin/wizSpinner/WizActivitySpinnerView.h; sourceTree = "<group>"; };
		74DF75F53537403CAE7CDAF0 /* CDVJpegHeaderWriter.m */ = {isa = PBXFileReference; fileEncoding = 4; lastKnownFileType = sourcecode.c.objc; name = CDVJpegHeaderWriter.m; path = org.apache.cordova.camera/CDVJpegHeaderWriter.m; sourceTree = "<group>"; };
		7625B01F7A2548C79C006C5E /* AppDelegate+notification.h */ = {isa = PBXFileReference; fileEncoding = 4; lastKnownFileType = sourcecode.c.h; name = "AppDelegate+notification.h"; path = "com.phonegap.plugins.PushPlugin/AppDelegate+notification.h"; sourceTree = "<group>"; };
		7E7966D41810823500FA85AD /* icon-40.png */ = {isa = PBXFileReference; lastKnownFileType = image.png; path = "icon-40.png"; sourceTree = "<group>"; };
		7E7966D51810823500FA85AD /* icon-40@2x.png */ = {isa = PBXFileReference; lastKnownFileType = image.png; path = "icon-40@2x.png"; sourceTree = "<group>"; };
		7E7966D61810823500FA85AD /* icon-50.png */ = {isa = PBXFileReference; lastKnownFileType = image.png; path = "icon-50.png"; sourceTree = "<group>"; };
		7E7966D71810823500FA85AD /* icon-50@2x.png */ = {isa = PBXFileReference; lastKnownFileType = image.png; path = "icon-50@2x.png"; sourceTree = "<group>"; };
		7E7966D81810823500FA85AD /* icon-60.png */ = {isa = PBXFileReference; lastKnownFileType = image.png; path = "icon-60.png"; sourceTree = "<group>"; };
		7E7966D91810823500FA85AD /* icon-60@2x.png */ = {isa = PBXFileReference; lastKnownFileType = image.png; path = "icon-60@2x.png"; sourceTree = "<group>"; };
		7E7966DA1810823500FA85AD /* icon-76.png */ = {isa = PBXFileReference; lastKnownFileType = image.png; path = "icon-76.png"; sourceTree = "<group>"; };
		7E7966DB1810823500FA85AD /* icon-76@2x.png */ = {isa = PBXFileReference; lastKnownFileType = image.png; path = "icon-76@2x.png"; sourceTree = "<group>"; };
		7E7966DC1810823500FA85AD /* icon-small.png */ = {isa = PBXFileReference; lastKnownFileType = image.png; path = "icon-small.png"; sourceTree = "<group>"; };
		7E7966DD1810823500FA85AD /* icon-small@2x.png */ = {isa = PBXFileReference; lastKnownFileType = image.png; path = "icon-small@2x.png"; sourceTree = "<group>"; };
		7ED6699840C6453AAD30A485 /* UIWebViewExtension.m */ = {isa = PBXFileReference; fileEncoding = 4; lastKnownFileType = sourcecode.c.objc; name = UIWebViewExtension.m; path = com.ionic.keyboard/UIWebViewExtension.m; sourceTree = "<group>"; };
		80C063700B924D78A2158CAA /* CDVAssetLibraryFilesystem.h */ = {isa = PBXFileReference; fileEncoding = 4; lastKnownFileType = sourcecode.c.h; name = CDVAssetLibraryFilesystem.h; path = org.apache.cordova.file/CDVAssetLibraryFilesystem.h; sourceTree = "<group>"; };
		80CD2244DF304CB9B3832950 /* CDVNotification.h */ = {isa = PBXFileReference; fileEncoding = 4; lastKnownFileType = sourcecode.c.h; name = CDVNotification.h; path = org.apache.cordova.dialogs/CDVNotification.h; sourceTree = "<group>"; };
		82B2AFE88CEF4CC78E999FC5 /* CDVCamera.m */ = {isa = PBXFileReference; fileEncoding = 4; lastKnownFileType = sourcecode.c.objc; name = CDVCamera.m; path = org.apache.cordova.camera/CDVCamera.m; sourceTree = "<group>"; };
		85900E7DD6DB4CD88B70FB22 /* CDVStatusBar.h */ = {isa = PBXFileReference; fileEncoding = 4; lastKnownFileType = sourcecode.c.h; name = CDVStatusBar.h; path = org.apache.cordova.statusbar/CDVStatusBar.h; sourceTree = "<group>"; };
		8B1D09DCFD3B48EE8CF6261A /* CDVLocation.m */ = {isa = PBXFileReference; fileEncoding = 4; lastKnownFileType = sourcecode.c.objc; name = CDVLocation.m; path = org.apache.cordova.geolocation/CDVLocation.m; sourceTree = "<group>"; };
		8B9B225BE3824FB1A8418412 /* wizSpinner.plist */ = {isa = PBXFileReference; fileEncoding = 4; lastKnownFileType = unknown; name = wizSpinner.plist; path = jp.wizcorp.phonegap.plugin.wizSpinnerPlugin/wizSpinner/wizSpinner.plist; sourceTree = "<group>"; };
		8D1107310486CEB800E47090 /* Intro-Info.plist */ = {isa = PBXFileReference; fileEncoding = 4; lastKnownFileType = text.plist.xml; name = "Intro-Info.plist"; path = "../Intro-Info.plist"; plistStructureDefinitionIdentifier = "com.apple.xcode.plist.structure-definition.iphone.info-plist"; sourceTree = "<group>"; };
		92F0E4F4C3BE4740BC3BE742 /* CDVLogger.h */ = {isa = PBXFileReference; fileEncoding = 4; lastKnownFileType = sourcecode.c.h; name = CDVLogger.h; path = org.apache.cordova.console/CDVLogger.h; sourceTree = "<group>"; };
		93D32A8766364C5190BC9012 /* CDVAssetLibraryFilesystem.m */ = {isa = PBXFileReference; fileEncoding = 4; lastKnownFileType = sourcecode.c.objc; name = CDVAssetLibraryFilesystem.m; path = org.apache.cordova.file/CDVAssetLibraryFilesystem.m; sourceTree = "<group>"; };
		999A5C6ECAD34A6F8DC7FA88 /* CDVLogger.m */ = {isa = PBXFileReference; fileEncoding = 4; lastKnownFileType = sourcecode.c.objc; name = CDVLogger.m; path = org.apache.cordova.console/CDVLogger.m; sourceTree = "<group>"; };
		9D6B54ED64C44DF5B816AF74 /* CDVLocalFilesystem.m */ = {isa = PBXFileReference; fileEncoding = 4; lastKnownFileType = sourcecode.c.objc; name = CDVLocalFilesystem.m; path = org.apache.cordova.file/CDVLocalFilesystem.m; sourceTree = "<group>"; };
		9F58E069100B4D3BB1A17B06 /* CDVNotification.bundle */ = {isa = PBXFileReference; lastKnownFileType = "wrapper.plug-in"; path = CDVNotification.bundle; sourceTree = "<group>"; };
		9FAA10CBF7704361A23E3BC3 /* AppDelegate+notification.m */ = {isa = PBXFileReference; fileEncoding = 4; lastKnownFileType = sourcecode.c.objc; name = "AppDelegate+notification.m"; path = "com.phonegap.plugins.PushPlugin/AppDelegate+notification.m"; sourceTree = "<group>"; };
		A2770F74124B43C08C6692CF /* WizAssetsPluginExtendCDVViewController.h */ = {isa = PBXFileReference; fileEncoding = 4; lastKnownFileType = sourcecode.c.h; name = WizAssetsPluginExtendCDVViewController.h; path = jp.wizcorp.phonegap.plugin.wizSpinnerPlugin/wizSpinner/WizAssetsPluginExtendCDVViewController.h; sourceTree = "<group>"; };
		A4B54BDCBA7E4F77938C3A8C /* WizDebugLog.h */ = {isa = PBXFileReference; fileEncoding = 4; lastKnownFileType = sourcecode.c.h; name = WizDebugLog.h; path = jp.wizcorp.phonegap.plugin.wizSpinnerPlugin/wizSpinner/WizDebugLog.h; sourceTree = "<group>"; };
		A9D6FDC800CE4C27BC29B1B0 /* CDVInAppBrowser.h */ = {isa = PBXFileReference; fileEncoding = 4; lastKnownFileType = sourcecode.c.h; name = CDVInAppBrowser.h; path = org.apache.cordova.inappbrowser/CDVInAppBrowser.h; sourceTree = "<group>"; };
		AF1EE1A79D3D4F8FBF97FAA0 /* CDVNotification.m */ = {isa = PBXFileReference; fileEncoding = 4; lastKnownFileType = sourcecode.c.objc; name = CDVNotification.m; path = org.apache.cordova.dialogs/CDVNotification.m; sourceTree = "<group>"; };
		AF26810C8EA9408FA73A2057 /* CDVFileTransfer.m */ = {isa = PBXFileReference; fileEncoding = 4; lastKnownFileType = sourcecode.c.objc; name = CDVFileTransfer.m; path = "org.apache.cordova.file-transfer/CDVFileTransfer.m"; sourceTree = "<group>"; };
		B0B8435846F5413AAC559AB7 /* WizAssetsPluginExtendCDVViewControllerPrivate.h */ = {isa = PBXFileReference; fileEncoding = 4; lastKnownFileType = sourcecode.c.h; name = WizAssetsPluginExtendCDVViewControllerPrivate.h; path = jp.wizcorp.phonegap.plugin.wizSpinnerPlugin/wizSpinner/WizAssetsPluginExtendCDVViewControllerPrivate.h; sourceTree = "<group>"; };
		B624A86D06754603A7EA5FA0 /* ImageIO.framework */ = {isa = PBXFileReference; fileEncoding = 4; lastKnownFileType = wrapper.framework; name = ImageIO.framework; path = System/Library/Frameworks/ImageIO.framework; sourceTree = SDKROOT; };
		B738313F0D814A25939B11E1 /* IonicKeyboard.m */ = {isa = PBXFileReference; fileEncoding = 4; lastKnownFileType = sourcecode.c.objc; name = IonicKeyboard.m; path = com.ionic.keyboard/IonicKeyboard.m; sourceTree = "<group>"; };
		BBC8CE2E0E844C47BD40744A /* CDVFile.m */ = {isa = PBXFileReference; fileEncoding = 4; lastKnownFileType = sourcecode.c.objc; name = CDVFile.m; path = org.apache.cordova.file/CDVFile.m; sourceTree = "<group>"; };
		C02A3CB0F2754741B7A42266 /* WizSpinnerPlugin.m */ = {isa = PBXFileReference; fileEncoding = 4; lastKnownFileType = sourcecode.c.objc; name = WizSpinnerPlugin.m; path = jp.wizcorp.phonegap.plugin.wizSpinnerPlugin/wizSpinner/WizSpinnerPlugin.m; sourceTree = "<group>"; };
		C0AC36F1195041AC94119955 /* Canvas2ImagePlugin.h */ = {isa = PBXFileReference; fileEncoding = 4; lastKnownFileType = sourcecode.c.h; name = Canvas2ImagePlugin.h; path = org.devgeeks.Canvas2ImagePlugin/Canvas2ImagePlugin.h; sourceTree = "<group>"; };
		C2F1500488D54E18B56D6943 /* CDVStatusBar.m */ = {isa = PBXFileReference; fileEncoding = 4; lastKnownFileType = sourcecode.c.objc; name = CDVStatusBar.m; path = org.apache.cordova.statusbar/CDVStatusBar.m; sourceTree = "<group>"; };
		CAA53E47E1B34C49BC3DC2B5 /* CDVExif.h */ = {isa = PBXFileReference; fileEncoding = 4; lastKnownFileType = sourcecode.c.h; name = CDVExif.h; path = org.apache.cordova.camera/CDVExif.h; sourceTree = "<group>"; };
		CC9D53F17A5B4A6BB7C1BC3A /* WizActivitySpinnerView.m */ = {isa = PBXFileReference; fileEncoding = 4; lastKnownFileType = sourcecode.c.objc; name = WizActivitySpinnerView.m; path = jp.wizcorp.phonegap.plugin.wizSpinnerPlugin/wizSpinner/WizActivitySpinnerView.m; sourceTree = "<group>"; };
		D4A0D8751607E02300AEF8BB /* Default-568h@2x~iphone.png */ = {isa = PBXFileReference; lastKnownFileType = image.png; path = "Default-568h@2x~iphone.png"; sourceTree = "<group>"; };
		D7ADA823E8174E2DAD889C1B /* AudioToolbox.framework */ = {isa = PBXFileReference; fileEncoding = 4; lastKnownFileType = wrapper.framework; name = AudioToolbox.framework; path = System/Library/Frameworks/AudioToolbox.framework; sourceTree = SDKROOT; };
		DB9B46DF23CA4800B8828FD9 /* CDVLocalFilesystem.h */ = {isa = PBXFileReference; fileEncoding = 4; lastKnownFileType = sourcecode.c.h; name = CDVLocalFilesystem.h; path = org.apache.cordova.file/CDVLocalFilesystem.h; sourceTree = "<group>"; };
		DCFD3EC0C84D4696B3EE85A1 /* IonicKeyboard.h */ = {isa = PBXFileReference; fileEncoding = 4; lastKnownFileType = sourcecode.c.h; name = IonicKeyboard.h; path = com.ionic.keyboard/IonicKeyboard.h; sourceTree = "<group>"; };
		DE1CE141815546368CE47F08 /* UIWebViewExtension.h */ = {isa = PBXFileReference; fileEncoding = 4; lastKnownFileType = sourcecode.c.h; name = UIWebViewExtension.h; path = com.ionic.keyboard/UIWebViewExtension.h; sourceTree = "<group>"; };
		E03DA2A6A65841C7B55E9B0C /* PushPlugin.m */ = {isa = PBXFileReference; fileEncoding = 4; lastKnownFileType = sourcecode.c.objc; name = PushPlugin.m; path = com.phonegap.plugins.PushPlugin/PushPlugin.m; sourceTree = "<group>"; };
		E2CDC36D1C3D4E9295101499 /* WizAssetsPluginExtendCDVViewController.m */ = {isa = PBXFileReference; fileEncoding = 4; lastKnownFileType = sourcecode.c.objc; name = WizAssetsPluginExtendCDVViewController.m; path = jp.wizcorp.phonegap.plugin.wizSpinnerPlugin/wizSpinner/WizAssetsPluginExtendCDVViewController.m; sourceTree = "<group>"; };
		E66AEF938B2A4AE5BB4F5907 /* CDVVibration.m */ = {isa = PBXFileReference; fileEncoding = 4; lastKnownFileType = sourcecode.c.objc; name = CDVVibration.m; path = org.apache.cordova.vibration/CDVVibration.m; sourceTree = "<group>"; };
		E9D3ACD143044E76A5ACB585 /* CDVLocation.h */ = {isa = PBXFileReference; fileEncoding = 4; lastKnownFileType = sourcecode.c.h; name = CDVLocation.h; path = org.apache.cordova.geolocation/CDVLocation.h; sourceTree = "<group>"; };
		EF3CC338CBD74530B81DB48E /* CDVSound.m */ = {isa = PBXFileReference; fileEncoding = 4; lastKnownFileType = sourcecode.c.objc; name = CDVSound.m; path = org.apache.cordova.media/CDVSound.m; sourceTree = "<group>"; };
		F840E1F0165FE0F500CFE078 /* config.xml */ = {isa = PBXFileReference; lastKnownFileType = text.xml; name = config.xml; path = Intro/config.xml; sourceTree = "<group>"; };
/* End PBXFileReference section */

/* Begin PBXFrameworksBuildPhase section */
		1D60588F0D05DD3D006BFB54 /* Frameworks */ = {
			isa = PBXFrameworksBuildPhase;
			buildActionMask = 2147483647;
			files = (
				5B1594DD16A7569C00FEF299 /* AssetsLibrary.framework in Frameworks */,
				301BF552109A68D80062928A /* libCordova.a in Frameworks */,
				288765FD0DF74451002DB57D /* CoreGraphics.framework in Frameworks */,
				305D5FD1115AB8F900A74A75 /* MobileCoreServices.framework in Frameworks */,
				5AEE5B35173C68D80009041E /* CoreLocation.framework in Frameworks */,
				3C95294D19F7594000508E57 /* FacebookSDK.framework in Frameworks */,
				02320F2D8F22423DAA3FE726 /* AudioToolbox.framework in Frameworks */,
				9167E892348E48898D981723 /* ImageIO.framework in Frameworks */,
			);
			runOnlyForDeploymentPostprocessing = 0;
		};
/* End PBXFrameworksBuildPhase section */

/* Begin PBXGroup section */
		080E96DDFE201D6D7F000001 /* Classes */ = {
			isa = PBXGroup;
			children = (
				302D95EE14D2391D003F00A1 /* MainViewController.h */,
				302D95EF14D2391D003F00A1 /* MainViewController.m */,
				302D95F014D2391D003F00A1 /* MainViewController.xib */,
				1D3623240D0F684500981E51 /* AppDelegate.h */,
				1D3623250D0F684500981E51 /* AppDelegate.m */,
			);
			name = Classes;
			path = Intro/Classes;
			sourceTree = SOURCE_ROOT;
		};
		19C28FACFE9D520D11CA2CBB /* Products */ = {
			isa = PBXGroup;
			children = (
				1D6058910D05DD3D006BFB54 /* Intro.app */,
			);
			name = Products;
			sourceTree = "<group>";
		};
		1F766FDB13BBADB100FB74C0 /* en.lproj */ = {
			isa = PBXGroup;
			children = (
				1F766FDC13BBADB100FB74C0 /* Localizable.strings */,
			);
			path = en.lproj;
			sourceTree = "<group>";
		};
		1F766FDE13BBADB100FB74C0 /* es.lproj */ = {
			isa = PBXGroup;
			children = (
				1F766FDF13BBADB100FB74C0 /* Localizable.strings */,
			);
			path = es.lproj;
			sourceTree = "<group>";
		};
		29B97314FDCFA39411CA2CEA /* CustomTemplate */ = {
			isa = PBXGroup;
			children = (
				F840E1F0165FE0F500CFE078 /* config.xml */,
				301BF56E109A69640062928A /* www */,
				301BF52D109A57CC0062928A /* CordovaLib.xcodeproj */,
				080E96DDFE201D6D7F000001 /* Classes */,
				307C750510C5A3420062BCA9 /* Plugins */,
				29B97315FDCFA39411CA2CEA /* Other Sources */,
				29B97317FDCFA39411CA2CEA /* Resources */,
				29B97323FDCFA39411CA2CEA /* Frameworks */,
				19C28FACFE9D520D11CA2CBB /* Products */,
			);
			name = CustomTemplate;
			sourceTree = "<group>";
		};
		29B97315FDCFA39411CA2CEA /* Other Sources */ = {
			isa = PBXGroup;
			children = (
				32CA4F630368D1EE00C91783 /* Intro-Prefix.pch */,
				29B97316FDCFA39411CA2CEA /* main.m */,
			);
			name = "Other Sources";
			path = Intro;
			sourceTree = "<group>";
		};
		29B97317FDCFA39411CA2CEA /* Resources */ = {
			isa = PBXGroup;
			children = (
				30A0434214DC770100060A13 /* de.lproj */,
				30A0434514DC770100060A13 /* se.lproj */,
				1F766FDB13BBADB100FB74C0 /* en.lproj */,
				1F766FDE13BBADB100FB74C0 /* es.lproj */,
				308D052D1370CCF300D202BF /* icons */,
				308D05311370CCF300D202BF /* splash */,
				8D1107310486CEB800E47090 /* Intro-Info.plist */,
				387A0F1C198C3FFC00AADF00 /* whistle.wav */,
				9F58E069100B4D3BB1A17B06 /* CDVNotification.bundle */,
			);
			name = Resources;
			path = Intro/Resources;
			sourceTree = "<group>";
		};
		29B97323FDCFA39411CA2CEA /* Frameworks */ = {
			isa = PBXGroup;
			children = (
				3C95294F19F7596A00508E57 /* DeprecatedHeaders */,
				3C95294C19F7594000508E57 /* FacebookSDK.framework */,
				5AEE5B34173C68D80009041E /* CoreLocation.framework */,
				5B1594DC16A7569C00FEF299 /* AssetsLibrary.framework */,
				288765FC0DF74451002DB57D /* CoreGraphics.framework */,
				305D5FD0115AB8F900A74A75 /* MobileCoreServices.framework */,
				D7ADA823E8174E2DAD889C1B /* AudioToolbox.framework */,
				B624A86D06754603A7EA5FA0 /* ImageIO.framework */,
			);
			name = Frameworks;
			sourceTree = "<group>";
		};
		301BF52E109A57CC0062928A /* Products */ = {
			isa = PBXGroup;
			children = (
				301BF535109A57CC0062928A /* libCordova.a */,
			);
			name = Products;
			sourceTree = "<group>";
		};
		307C750510C5A3420062BCA9 /* Plugins */ = {
			isa = PBXGroup;
			children = (
				999A5C6ECAD34A6F8DC7FA88 /* CDVLogger.m */,
				92F0E4F4C3BE4740BC3BE742 /* CDVLogger.h */,
				AF1EE1A79D3D4F8FBF97FAA0 /* CDVNotification.m */,
				80CD2244DF304CB9B3832950 /* CDVNotification.h */,
				381787B1196FA0B100AEA3A2 /* AppDelegate+notification.h */,
				381787B2196FA0B100AEA3A2 /* AppDelegate+notification.m */,
				8B1D09DCFD3B48EE8CF6261A /* CDVLocation.m */,
				E9D3ACD143044E76A5ACB585 /* CDVLocation.h */,
				380610CB1963883A00306AD4 /* ios */,
				E66AEF938B2A4AE5BB4F5907 /* CDVVibration.m */,
				0FBEFA91DB8E4965B0704054 /* CDVVibration.h */,
				C2F1500488D54E18B56D6943 /* CDVStatusBar.m */,
				85900E7DD6DB4CD88B70FB22 /* CDVStatusBar.h */,
				CC9D53F17A5B4A6BB7C1BC3A /* WizActivitySpinnerView.m */,
				C02A3CB0F2754741B7A42266 /* WizSpinnerPlugin.m */,
				E2CDC36D1C3D4E9295101499 /* WizAssetsPluginExtendCDVViewController.m */,
				B0B8435846F5413AAC559AB7 /* WizAssetsPluginExtendCDVViewControllerPrivate.h */,
				8B9B225BE3824FB1A8418412 /* wizSpinner.plist */,
				6DAA787F7759457E894DFFB0 /* WizActivitySpinnerView.h */,
				3A77EA1BB7284120B1E33368 /* WizSpinnerPlugin.h */,
				A2770F74124B43C08C6692CF /* WizAssetsPluginExtendCDVViewController.h */,
				A4B54BDCBA7E4F77938C3A8C /* WizDebugLog.h */,
				E03DA2A6A65841C7B55E9B0C /* PushPlugin.m */,
				371694FD24D144B6A4056669 /* PushPlugin.h */,
				BBC8CE2E0E844C47BD40744A /* CDVFile.m */,
				9D6B54ED64C44DF5B816AF74 /* CDVLocalFilesystem.m */,
				93D32A8766364C5190BC9012 /* CDVAssetLibraryFilesystem.m */,
				5FC10AC10EAC445482FFFB25 /* CDVFile.h */,
				DB9B46DF23CA4800B8828FD9 /* CDVLocalFilesystem.h */,
				80C063700B924D78A2158CAA /* CDVAssetLibraryFilesystem.h */,
				EF3CC338CBD74530B81DB48E /* CDVSound.m */,
				02222FCAC06045969B31CCC2 /* CDVSound.h */,
				82B2AFE88CEF4CC78E999FC5 /* CDVCamera.m */,
				74DF75F53537403CAE7CDAF0 /* CDVJpegHeaderWriter.m */,
				551B90F43B3348E2A189A986 /* CDVCamera.h */,
				22A98A5FBB8C4255ACE64C48 /* CDVJpegHeaderWriter.h */,
				CAA53E47E1B34C49BC3DC2B5 /* CDVExif.h */,
				B738313F0D814A25939B11E1 /* IonicKeyboard.m */,
				7ED6699840C6453AAD30A485 /* UIWebViewExtension.m */,
				DCFD3EC0C84D4696B3EE85A1 /* IonicKeyboard.h */,
				DE1CE141815546368CE47F08 /* UIWebViewExtension.h */,
				AF26810C8EA9408FA73A2057 /* CDVFileTransfer.m */,
				0393EF628659437983BA8617 /* CDVFileTransfer.h */,
				136C62EF3D8C48CB862499E5 /* Canvas2ImagePlugin.m */,
				C0AC36F1195041AC94119955 /* Canvas2ImagePlugin.h */,
				9FAA10CBF7704361A23E3BC3 /* AppDelegate+notification.m */,
				7625B01F7A2548C79C006C5E /* AppDelegate+notification.h */,
				099F2EDAD98340359CEA5210 /* CDVInAppBrowser.m */,
				A9D6FDC800CE4C27BC29B1B0 /* CDVInAppBrowser.h */,
			);
			name = Plugins;
			path = Intro/Plugins;
			sourceTree = SOURCE_ROOT;
		};
		308D052D1370CCF300D202BF /* icons */ = {
			isa = PBXGroup;
			children = (
				7E7966D41810823500FA85AD /* icon-40.png */,
				7E7966D51810823500FA85AD /* icon-40@2x.png */,
				7E7966D61810823500FA85AD /* icon-50.png */,
				7E7966D71810823500FA85AD /* icon-50@2x.png */,
				7E7966D81810823500FA85AD /* icon-60.png */,
				7E7966D91810823500FA85AD /* icon-60@2x.png */,
				7E7966DA1810823500FA85AD /* icon-76.png */,
				7E7966DB1810823500FA85AD /* icon-76@2x.png */,
				7E7966DC1810823500FA85AD /* icon-small.png */,
				7E7966DD1810823500FA85AD /* icon-small@2x.png */,
				30FC414816E50CA1004E6F35 /* icon-72@2x.png */,
				308D052E1370CCF300D202BF /* icon-72.png */,
				308D052F1370CCF300D202BF /* icon.png */,
				308D05301370CCF300D202BF /* icon@2x.png */,
			);
			path = icons;
			sourceTree = "<group>";
		};
		308D05311370CCF300D202BF /* splash */ = {
			isa = PBXGroup;
			children = (
				D4A0D8751607E02300AEF8BB /* Default-568h@2x~iphone.png */,
				3088BBB7154F3926009F9C59 /* Default-Landscape@2x~ipad.png */,
				3088BBB8154F3926009F9C59 /* Default-Landscape~ipad.png */,
				3088BBB9154F3926009F9C59 /* Default-Portrait@2x~ipad.png */,
				3088BBBA154F3926009F9C59 /* Default-Portrait~ipad.png */,
				3088BBBB154F3926009F9C59 /* Default@2x~iphone.png */,
				3088BBBC154F3926009F9C59 /* Default~iphone.png */,
			);
			path = splash;
			sourceTree = "<group>";
		};
		30A0434214DC770100060A13 /* de.lproj */ = {
			isa = PBXGroup;
			children = (
				30A0434314DC770100060A13 /* Localizable.strings */,
			);
			path = de.lproj;
			sourceTree = "<group>";
		};
		30A0434514DC770100060A13 /* se.lproj */ = {
			isa = PBXGroup;
			children = (
				30A0434614DC770100060A13 /* Localizable.strings */,
			);
			path = se.lproj;
			sourceTree = "<group>";
		};
		380610CB1963883A00306AD4 /* ios */ = {
			isa = PBXGroup;
			children = (
				380610CC1963883A00306AD4 /* FacebookConnectPlugin.h */,
				380610CD1963883A00306AD4 /* FacebookConnectPlugin.m */,
			);
			path = ios;
			sourceTree = "<group>";
		};
		3C95294F19F7596A00508E57 /* DeprecatedHeaders */ = {
			isa = PBXGroup;
			children = (
				3C95295019F7596A00508E57 /* Facebook.h */,
				3C95295119F7596A00508E57 /* FacebookSDK.h */,
				3C95295219F7596A00508E57 /* FBAccessTokenData.h */,
				3C95295319F7596A00508E57 /* FBAppCall.h */,
				3C95295419F7596A00508E57 /* FBAppEvents.h */,
				3C95295519F7596A00508E57 /* FBAppLinkData.h */,
				3C95295619F7596A00508E57 /* FBCacheDescriptor.h */,
				3C95295719F7596A00508E57 /* FBConnect.h */,
				3C95295819F7596A00508E57 /* FBDialog.h */,
				3C95295919F7596A00508E57 /* FBDialogs.h */,
				3C95295A19F7596A00508E57 /* FBDialogsData.h */,
				3C95295B19F7596A00508E57 /* FBDialogsParams.h */,
				3C95295C19F7596A00508E57 /* FBError.h */,
				3C95295D19F7596A00508E57 /* FBErrorUtility.h */,
				3C95295E19F7596A00508E57 /* FBFrictionlessRecipientCache.h */,
				3C95295F19F7596A00508E57 /* FBFrictionlessRequestSettings.h */,
				3C95296019F7596A00508E57 /* FBFriendPickerViewController.h */,
				3C95296119F7596A00508E57 /* FBGraphLocation.h */,
				3C95296219F7596A00508E57 /* FBGraphObject.h */,
				3C95296319F7596A00508E57 /* FBGraphPlace.h */,
				3C95296419F7596A00508E57 /* FBGraphUser.h */,
				3C95296519F7596A00508E57 /* FBInsights.h */,
				3C95296619F7596A00508E57 /* FBLoginDialog.h */,
				3C95296719F7596A00508E57 /* FBLoginView.h */,
				3C95296819F7596A00508E57 /* FBNativeDialogs.h */,
				3C95296919F7596A00508E57 /* FBOpenGraphAction.h */,
				3C95296A19F7596A00508E57 /* FBOpenGraphActionShareDialogParams.h */,
				3C95296B19F7596A00508E57 /* FBOpenGraphObject.h */,
				3C95296C19F7596A00508E57 /* FBPlacePickerViewController.h */,
				3C95296D19F7596A00508E57 /* FBProfilePictureView.h */,
				3C95296E19F7596A00508E57 /* FBRequest.h */,
				3C95296F19F7596A00508E57 /* FBRequestConnection.h */,
				3C95297019F7596A00508E57 /* FBSession.h */,
				3C95297119F7596A00508E57 /* FBSessionManualTokenCachingStrategy.h */,
				3C95297219F7596A00508E57 /* FBSessionTokenCachingStrategy.h */,
				3C95297319F7596A00508E57 /* FBSettings.h */,
				3C95297419F7596A00508E57 /* FBShareDialogParams.h */,
				3C95297519F7596A00508E57 /* FBShareDialogPhotoParams.h */,
				3C95297619F7596A00508E57 /* FBTestSession.h */,
				3C95297719F7596A00508E57 /* FBUserSettingsViewController.h */,
				3C95297819F7596A00508E57 /* FBViewController.h */,
				3C95297919F7596A00508E57 /* FBWebDialogs.h */,
				3C95297A19F7596A00508E57 /* NSError+FBError.h */,
			);
			name = DeprecatedHeaders;
			path = ../../../../../Users/king/Documents/FacebookSDK/DeprecatedHeaders;
			sourceTree = "<group>";
		};
/* End PBXGroup section */

/* Begin PBXNativeTarget section */
		1D6058900D05DD3D006BFB54 /* Intro */ = {
			isa = PBXNativeTarget;
			buildConfigurationList = 1D6058960D05DD3E006BFB54 /* Build configuration list for PBXNativeTarget "Intro" */;
			buildPhases = (
				304B58A110DAC018002A0835 /* Copy www directory */,
				1D60588D0D05DD3D006BFB54 /* Resources */,
				1D60588E0D05DD3D006BFB54 /* Sources */,
				1D60588F0D05DD3D006BFB54 /* Frameworks */,
			);
			buildRules = (
			);
			dependencies = (
				301BF551109A68C00062928A /* PBXTargetDependency */,
			);
			name = Intro;
			productName = Intro;
			productReference = 1D6058910D05DD3D006BFB54 /* Intro.app */;
			productType = "com.apple.product-type.application";
		};
/* End PBXNativeTarget section */

/* Begin PBXProject section */
		29B97313FDCFA39411CA2CEA /* Project object */ = {
			isa = PBXProject;
			attributes = {
				LastUpgradeCheck = 500;
				TargetAttributes = {
					1D6058900D05DD3D006BFB54 = {
						DevelopmentTeam = 89L79W5YZ6;
					};
				};
			};
			buildConfigurationList = C01FCF4E08A954540054247B /* Build configuration list for PBXProject "Intro" */;
			compatibilityVersion = "Xcode 3.2";
			developmentRegion = English;
			hasScannedForEncodings = 1;
			knownRegions = (
				English,
				Japanese,
				French,
				German,
				en,
				es,
				de,
				se,
			);
			mainGroup = 29B97314FDCFA39411CA2CEA /* CustomTemplate */;
			projectDirPath = "";
			projectReferences = (
				{
					ProductGroup = 301BF52E109A57CC0062928A /* Products */;
					ProjectRef = 301BF52D109A57CC0062928A /* CordovaLib.xcodeproj */;
				},
			);
			projectRoot = "";
			targets = (
				1D6058900D05DD3D006BFB54 /* Intro */,
			);
		};
/* End PBXProject section */

/* Begin PBXReferenceProxy section */
		301BF535109A57CC0062928A /* libCordova.a */ = {
			isa = PBXReferenceProxy;
			fileType = archive.ar;
			path = libCordova.a;
			remoteRef = 301BF534109A57CC0062928A /* PBXContainerItemProxy */;
			sourceTree = BUILT_PRODUCTS_DIR;
		};
/* End PBXReferenceProxy section */

/* Begin PBXResourcesBuildPhase section */
		1D60588D0D05DD3D006BFB54 /* Resources */ = {
			isa = PBXResourcesBuildPhase;
			buildActionMask = 2147483647;
			files = (
				F840E1F1165FE0F500CFE078 /* config.xml in Resources */,
				7E7966E41810823500FA85AD /* icon-76.png in Resources */,
				7E7966DF1810823500FA85AD /* icon-40@2x.png in Resources */,
				308D05371370CCF300D202BF /* icon-72.png in Resources */,
				308D05381370CCF300D202BF /* icon.png in Resources */,
				308D05391370CCF300D202BF /* icon@2x.png in Resources */,
				1F766FE113BBADB100FB74C0 /* Localizable.strings in Resources */,
				302D95F214D2391D003F00A1 /* MainViewController.xib in Resources */,
				387A0F1D198C3FFC00AADF00 /* whistle.wav in Resources */,
				7E7966E01810823500FA85AD /* icon-50.png in Resources */,
				7E7966E31810823500FA85AD /* icon-60@2x.png in Resources */,
				30A0434814DC770100060A13 /* Localizable.strings in Resources */,
				7E7966E61810823500FA85AD /* icon-small.png in Resources */,
				3088BBBD154F3926009F9C59 /* Default-Landscape@2x~ipad.png in Resources */,
				3088BBBE154F3926009F9C59 /* Default-Landscape~ipad.png in Resources */,
				3088BBBF154F3926009F9C59 /* Default-Portrait@2x~ipad.png in Resources */,
				7E7966E71810823500FA85AD /* icon-small@2x.png in Resources */,
				3088BBC0154F3926009F9C59 /* Default-Portrait~ipad.png in Resources */,
				7E7966DE1810823500FA85AD /* icon-40.png in Resources */,
				3088BBC1154F3926009F9C59 /* Default@2x~iphone.png in Resources */,
				7E7966E21810823500FA85AD /* icon-60.png in Resources */,
				3088BBC2154F3926009F9C59 /* Default~iphone.png in Resources */,
				D4A0D8761607E02300AEF8BB /* Default-568h@2x~iphone.png in Resources */,
				7E7966E11810823500FA85AD /* icon-50@2x.png in Resources */,
				7E7966E51810823500FA85AD /* icon-76@2x.png in Resources */,
				30FC414916E50CA1004E6F35 /* icon-72@2x.png in Resources */,
				F4457959C5FF49728C50E8F3 /* CDVNotification.bundle in Resources */,
			);
			runOnlyForDeploymentPostprocessing = 0;
		};
/* End PBXResourcesBuildPhase section */

/* Begin PBXShellScriptBuildPhase section */
		304B58A110DAC018002A0835 /* Copy www directory */ = {
			isa = PBXShellScriptBuildPhase;
			buildActionMask = 2147483647;
			files = (
			);
			inputPaths = (
			);
			name = "Copy www directory";
			outputPaths = (
			);
			runOnlyForDeploymentPostprocessing = 0;
			shellPath = /bin/sh;
			shellScript = "cordova/lib/copy-www-build-step.sh";
		};
/* End PBXShellScriptBuildPhase section */

/* Begin PBXSourcesBuildPhase section */
		1D60588E0D05DD3D006BFB54 /* Sources */ = {
			isa = PBXSourcesBuildPhase;
			buildActionMask = 2147483647;
			files = (
				38AE534119E520D700807E22 /* CDVCamera.m in Sources */,
				38AE534019E520CF00807E22 /* CDVLocation.m in Sources */,
				38AE533A19E51EF400807E22 /* CDVStatusBar.m in Sources */,
				38AE533919E51EED00807E22 /* CDVLogger.m in Sources */,
				1D60589B0D05DD56006BFB54 /* main.m in Sources */,
				1D3623260D0F684500981E51 /* AppDelegate.m in Sources */,
				302D95F114D2391D003F00A1 /* MainViewController.m in Sources */,
				7E83ABCFE5D1442F80D574B8 /* CDVNotification.m in Sources */,
				E15175ADD58D41B586F7458A /* CDVVibration.m in Sources */,
				38AE534D19E538B700807E22 /* PushPlugin.m in Sources */,
				3888CD89C246411DB55046A1 /* WizActivitySpinnerView.m in Sources */,
				380610CE1963883A00306AD4 /* FacebookConnectPlugin.m in Sources */,
				5C6DE39BD4AF412D8F8AEDDA /* WizSpinnerPlugin.m in Sources */,
				BD5D50FBE46F4CB6A68ADDD3 /* WizAssetsPluginExtendCDVViewController.m in Sources */,
				54657CCEBE9E4642B2CFD4FF /* WizAssetsPluginExtendCDVViewControllerPrivate.h in Sources */,
				0263E5B5BDD540F887D6C522 /* wizSpinner.plist in Sources */,
				3EB3C81FC70E44BCA4C6F991 /* CDVFile.m in Sources */,
				2D1E9655D32140958EB08264 /* CDVLocalFilesystem.m in Sources */,
				C91BC4D6477249BE8F3B5882 /* CDVAssetLibraryFilesystem.m in Sources */,
				BC4130D23DAB4A84B7CAA835 /* CDVSound.m in Sources */,
				211733C386874247BFAE0E39 /* IonicKeyboard.m in Sources */,
				1EBE10E9867746A69439C2F0 /* UIWebViewExtension.m in Sources */,
				F66AEB454F8B4006AD8601F0 /* CDVFileTransfer.m in Sources */,
				329C4814BD064F22B28EA325 /* Canvas2ImagePlugin.m in Sources */,
				BB72CECA22FD43ED837D3AD1 /* AppDelegate+notification.m in Sources */,
				C3D320F7AE1546F2A68F2109 /* CDVInAppBrowser.m in Sources */,
			);
			runOnlyForDeploymentPostprocessing = 0;
		};
/* End PBXSourcesBuildPhase section */

/* Begin PBXTargetDependency section */
		301BF551109A68C00062928A /* PBXTargetDependency */ = {
			isa = PBXTargetDependency;
			name = CordovaLib;
			targetProxy = 301BF550109A68C00062928A /* PBXContainerItemProxy */;
		};
/* End PBXTargetDependency section */

/* Begin PBXVariantGroup section */
		1F766FDC13BBADB100FB74C0 /* Localizable.strings */ = {
			isa = PBXVariantGroup;
			children = (
				1F766FDD13BBADB100FB74C0 /* en */,
			);
			name = Localizable.strings;
			sourceTree = "<group>";
		};
		1F766FDF13BBADB100FB74C0 /* Localizable.strings */ = {
			isa = PBXVariantGroup;
			children = (
				1F766FE013BBADB100FB74C0 /* es */,
			);
			name = Localizable.strings;
			sourceTree = "<group>";
		};
		30A0434314DC770100060A13 /* Localizable.strings */ = {
			isa = PBXVariantGroup;
			children = (
				30A0434414DC770100060A13 /* de */,
			);
			name = Localizable.strings;
			sourceTree = "<group>";
		};
		30A0434614DC770100060A13 /* Localizable.strings */ = {
			isa = PBXVariantGroup;
			children = (
				30A0434714DC770100060A13 /* se */,
			);
			name = Localizable.strings;
			sourceTree = "<group>";
		};
/* End PBXVariantGroup section */

/* Begin XCBuildConfiguration section */
		1D6058940D05DD3E006BFB54 /* Debug */ = {
			isa = XCBuildConfiguration;
			buildSettings = {
				ALWAYS_SEARCH_USER_PATHS = NO;
				ARCHS = "$(ARCHS_STANDARD_32_BIT)";
				CLANG_ENABLE_OBJC_ARC = YES;
				CODE_SIGN_IDENTITY = "iPhone Developer";
				"CODE_SIGN_IDENTITY[sdk=iphoneos*]" = "iPhone Developer";
				COPY_PHASE_STRIP = NO;
				FRAMEWORK_SEARCH_PATHS = (
					"$(inherited)",
					/Users/edhsieh/Documents/FacebookSDK,
					/Users/king/Documents/FacebookSDK,
				);
				GCC_DYNAMIC_NO_PIC = NO;
				GCC_OPTIMIZATION_LEVEL = 0;
				GCC_PRECOMPILE_PREFIX_HEADER = YES;
				GCC_PREFIX_HEADER = "Intro/Intro-Prefix.pch";
				GCC_THUMB_SUPPORT = NO;
				GCC_VERSION = "";
				INFOPLIST_FILE = "Intro/Intro-Info.plist";
				IPHONEOS_DEPLOYMENT_TARGET = 6.0;
				OTHER_LDFLAGS = (
					"-weak_framework",
					CoreFoundation,
					"-weak_framework",
					UIKit,
					"-weak_framework",
					AVFoundation,
					"-weak_framework",
					CoreMedia,
					"-weak-lSystem",
					"-force_load",
					"\"$(BUILT_PRODUCTS_DIR)/libCordova.a\"",
					"-ObjC",
				);
				PRODUCT_NAME = Intro;
				PROVISIONING_PROFILE = "";
				TARGETED_DEVICE_FAMILY = 1;
				VALID_ARCHS = "armv7 armv7s";
			};
			name = Debug;
		};
		1D6058950D05DD3E006BFB54 /* Release */ = {
			isa = XCBuildConfiguration;
			buildSettings = {
				ALWAYS_SEARCH_USER_PATHS = NO;
				ARCHS = "$(ARCHS_STANDARD_32_BIT)";
				CLANG_ENABLE_OBJC_ARC = YES;
				CODE_SIGN_IDENTITY = "iPhone Developer";
				"CODE_SIGN_IDENTITY[sdk=iphoneos*]" = "iPhone Developer";
				COPY_PHASE_STRIP = YES;
				FRAMEWORK_SEARCH_PATHS = (
					"$(inherited)",
					/Users/edhsieh/Documents/FacebookSDK,
					/Users/king/Documents/FacebookSDK,
				);
				GCC_PRECOMPILE_PREFIX_HEADER = YES;
				GCC_PREFIX_HEADER = "Intro/Intro-Prefix.pch";
				GCC_THUMB_SUPPORT = NO;
				GCC_VERSION = "";
				INFOPLIST_FILE = "Intro/Intro-Info.plist";
				IPHONEOS_DEPLOYMENT_TARGET = 6.0;
				OTHER_LDFLAGS = (
					"-weak_framework",
					CoreFoundation,
					"-weak_framework",
					UIKit,
					"-weak_framework",
					AVFoundation,
					"-weak_framework",
					CoreMedia,
					"-weak-lSystem",
					"-force_load",
					"\"$(BUILT_PRODUCTS_DIR)/libCordova.a\"",
					"-ObjC",
				);
				PRODUCT_NAME = Intro;
				PROVISIONING_PROFILE = "";
				TARGETED_DEVICE_FAMILY = 1;
				VALID_ARCHS = "armv7 armv7s";
			};
			name = Release;
		};
		C01FCF4F08A954540054247B /* Debug */ = {
			isa = XCBuildConfiguration;
			buildSettings = {
				CLANG_ENABLE_OBJC_ARC = YES;
				CLANG_WARN_BOOL_CONVERSION = YES;
				CLANG_WARN_CONSTANT_CONVERSION = YES;
				CLANG_WARN_EMPTY_BODY = YES;
				CLANG_WARN_ENUM_CONVERSION = YES;
				CLANG_WARN_INT_CONVERSION = YES;
				CLANG_WARN__DUPLICATE_METHOD_MATCH = YES;
				"CODE_SIGN_IDENTITY[sdk=iphoneos*]" = "iPhone Developer";
				GCC_C_LANGUAGE_STANDARD = c99;
				GCC_THUMB_SUPPORT = NO;
				GCC_VERSION = "";
				GCC_WARN_ABOUT_RETURN_TYPE = YES;
				GCC_WARN_UNDECLARED_SELECTOR = YES;
				GCC_WARN_UNINITIALIZED_AUTOS = YES;
				GCC_WARN_UNUSED_FUNCTION = YES;
				GCC_WARN_UNUSED_VARIABLE = YES;
				HEADER_SEARCH_PATHS = (
					"\"$(TARGET_BUILD_DIR)/usr/local/lib/include\"",
					"\"$(OBJROOT)/UninstalledProducts/include\"",
					"\"$(BUILT_PRODUCTS_DIR)\"",
				);
				IPHONEOS_DEPLOYMENT_TARGET = 5.0;
				ONLY_ACTIVE_ARCH = YES;
				OTHER_LDFLAGS = (
					"-weak_framework",
					CoreFoundation,
					"-weak_framework",
					UIKit,
					"-weak_framework",
					AVFoundation,
					"-weak_framework",
					CoreMedia,
					"-weak-lSystem",
					"-force_load",
					"\"$(BUILT_PRODUCTS_DIR)/libCordova.a\"",
					"-ObjC",
				);
				SDKROOT = iphoneos;
				SKIP_INSTALL = NO;
				USER_HEADER_SEARCH_PATHS = "";
			};
			name = Debug;
		};
		C01FCF5008A954540054247B /* Release */ = {
			isa = XCBuildConfiguration;
			buildSettings = {
				CLANG_ENABLE_OBJC_ARC = YES;
				CLANG_WARN_BOOL_CONVERSION = YES;
				CLANG_WARN_CONSTANT_CONVERSION = YES;
				CLANG_WARN_EMPTY_BODY = YES;
				CLANG_WARN_ENUM_CONVERSION = YES;
				CLANG_WARN_INT_CONVERSION = YES;
				CLANG_WARN__DUPLICATE_METHOD_MATCH = YES;
				"CODE_SIGN_IDENTITY[sdk=iphoneos*]" = "iPhone Developer";
				GCC_C_LANGUAGE_STANDARD = c99;
				GCC_THUMB_SUPPORT = NO;
				GCC_VERSION = "";
				GCC_WARN_ABOUT_RETURN_TYPE = YES;
				GCC_WARN_UNDECLARED_SELECTOR = YES;
				GCC_WARN_UNINITIALIZED_AUTOS = YES;
				GCC_WARN_UNUSED_FUNCTION = YES;
				GCC_WARN_UNUSED_VARIABLE = YES;
				HEADER_SEARCH_PATHS = (
					"\"$(TARGET_BUILD_DIR)/usr/local/lib/include\"",
					"\"$(OBJROOT)/UninstalledProducts/include\"",
					"\"$(BUILT_PRODUCTS_DIR)\"",
				);
				IPHONEOS_DEPLOYMENT_TARGET = 5.0;
				OTHER_LDFLAGS = (
					"-weak_framework",
					CoreFoundation,
					"-weak_framework",
					UIKit,
					"-weak_framework",
					AVFoundation,
					"-weak_framework",
					CoreMedia,
					"-weak-lSystem",
					"-force_load",
					"\"$(BUILT_PRODUCTS_DIR)/libCordova.a\"",
					"-ObjC",
				);
				SDKROOT = iphoneos;
				SKIP_INSTALL = NO;
				USER_HEADER_SEARCH_PATHS = "";
			};
			name = Release;
		};
/* End XCBuildConfiguration section */

/* Begin XCConfigurationList section */
		1D6058960D05DD3E006BFB54 /* Build configuration list for PBXNativeTarget "Intro" */ = {
			isa = XCConfigurationList;
			buildConfigurations = (
				1D6058940D05DD3E006BFB54 /* Debug */,
				1D6058950D05DD3E006BFB54 /* Release */,
			);
			defaultConfigurationIsVisible = 0;
			defaultConfigurationName = Release;
		};
		C01FCF4E08A954540054247B /* Build configuration list for PBXProject "Intro" */ = {
			isa = XCConfigurationList;
			buildConfigurations = (
				C01FCF4F08A954540054247B /* Debug */,
				C01FCF5008A954540054247B /* Release */,
			);
			defaultConfigurationIsVisible = 0;
			defaultConfigurationName = Release;
		};
/* End XCConfigurationList section */
	};
	rootObject = 29B97313FDCFA39411CA2CEA /* Project object */;
}
